
Microsoft Visual Studio Solution File, Format Version 12.00
Project("{2150E333-8FDC-42A3-9474-1A3956D46DE8}") = "src", "src", "{7491A6C4-F1D3-4F64-889F-520876F5E84C}"
EndProject
Project("{2150E333-8FDC-42A3-9474-1A3956D46DE8}") = "Presentation", "Presentation", "{E8D360FD-67B3-4C82-8400-76E6CCE93C00}"
EndProject
Project("{2150E333-8FDC-42A3-9474-1A3956D46DE8}") = "Infrastructure", "Infrastructure", "{9550D74A-16FA-4FAB-84FE-7159F974C320}"
EndProject
Project("{2150E333-8FDC-42A3-9474-1A3956D46DE8}") = "Core", "Core", "{C47401AB-BB06-4DB2-9787-F3AE4E4266C9}"
EndProject
Project("{2150E333-8FDC-42A3-9474-1A3956D46DE8}") = "ApiGateway", "ApiGateway", "{02FC387C-89C4-4D9C-8B6B-85A4EB9D821A}"
EndProject
Project("{FAE04EC0-301F-11D3-BF4B-00C04F79EFBC}") = "ApiGateway.Api", "ApiGateway.Api\ApiGateway.Api.csproj", "{2F2F71CE-3A1C-41C1-978D-5DF05563C04F}"
	ProjectSection(ProjectDependencies) = postProject
		{2AF021AE-52F5-4827-BBF8-94D60EBD6D12} = {2AF021AE-52F5-4827-BBF8-94D60EBD6D12}
		{165EDD7F-26D6-4891-8EAB-AC5186110A7B} = {165EDD7F-26D6-4891-8EAB-AC5186110A7B}
		{F9ADE742-9BC3-4D09-950E-D55B72741727} = {F9ADE742-9BC3-4D09-950E-D55B72741727}
	EndProjectSection
EndProject
Project("{2150E333-8FDC-42A3-9474-1A3956D46DE8}") = "CatalogService", "CatalogService", "{CF0997AB-191B-4781-BBF0-73DAA6C4E0D1}"
EndProject
Project("{2150E333-8FDC-42A3-9474-1A3956D46DE8}") = "src", "src", "{FDB7414A-3F72-4E65-A2F3-08D5BB030B77}"
EndProject
Project("{2150E333-8FDC-42A3-9474-1A3956D46DE8}") = "Presentation", "Presentation", "{E5EFECDE-DD9C-4947-8971-3E08DF0E9D70}"
EndProject
Project("{2150E333-8FDC-42A3-9474-1A3956D46DE8}") = "Infrastructure", "Infrastructure", "{313008B4-B4A4-4605-A0C3-8D1640A7166F}"
EndProject
Project("{2150E333-8FDC-42A3-9474-1A3956D46DE8}") = "Core", "Core", "{71BEAB32-E57F-469B-8613-FFE2992488D6}"
EndProject
Project("{FAE04EC0-301F-11D3-BF4B-00C04F79EFBC}") = "ApiGateway.Application", "ApiGateway.Application\ApiGateway.Application.csproj", "{165EDD7F-26D6-4891-8EAB-AC5186110A7B}"
EndProject
Project("{FAE04EC0-301F-11D3-BF4B-00C04F79EFBC}") = "ApiGateway.Domain", "ApiGateway.Domain\ApiGateway.Domain.csproj", "{F9ADE742-9BC3-4D09-950E-D55B72741727}"
EndProject
Project("{FAE04EC0-301F-11D3-BF4B-00C04F79EFBC}") = "ApiGateway.Infrastructure", "ApiGateway.Infrastructure\ApiGateway.Infrastructure.csproj", "{2AF021AE-52F5-4827-BBF8-94D60EBD6D12}"
EndProject
Project("{FAE04EC0-301F-11D3-BF4B-00C04F79EFBC}") = "CatalogServicec.Api", "CatalogServicec.Api\CatalogServicec.Api.csproj", "{3C26107D-6FC2-4A7E-9152-8443EF681B47}"
	ProjectSection(ProjectDependencies) = postProject
		{1F5BC295-EC35-48D8-A304-52B719FE5D07} = {1F5BC295-EC35-48D8-A304-52B719FE5D07}
	EndProjectSection
EndProject
Project("{FAE04EC0-301F-11D3-BF4B-00C04F79EFBC}") = "CatalogService.Infrastructure", "CatalogService.Infrastructure\CatalogService.Infrastructure.csproj", "{1F5BC295-EC35-48D8-A304-52B719FE5D07}"
EndProject
Project("{FAE04EC0-301F-11D3-BF4B-00C04F79EFBC}") = "CatalogService.Domain", "CatalogService.Domain\CatalogService.Domain.csproj", "{4F06D04F-A9F3-4679-808F-7F86F299E5C9}"
EndProject
Project("{FAE04EC0-301F-11D3-BF4B-00C04F79EFBC}") = "CatalogService.Application", "CatalogService.Application\CatalogService.Application.csproj", "{64C34534-F148-4AF6-8E99-D65C5650EF5B}"
EndProject
Project("{2150E333-8FDC-42A3-9474-1A3956D46DE8}") = "Solution Items", "Solution Items", "{611FEE8F-293D-49C7-A224-0871A99AA0B6}"
	ProjectSection(SolutionItems) = preProject
		compose.yaml = compose.yaml
	EndProjectSection
EndProject
Global
	GlobalSection(SolutionConfigurationPlatforms) = preSolution
		Debug|Any CPU = Debug|Any CPU
		Release|Any CPU = Release|Any CPU
	EndGlobalSection
	GlobalSection(NestedProjects) = preSolution
		{E8D360FD-67B3-4C82-8400-76E6CCE93C00} = {7491A6C4-F1D3-4F64-889F-520876F5E84C}
		{9550D74A-16FA-4FAB-84FE-7159F974C320} = {7491A6C4-F1D3-4F64-889F-520876F5E84C}
		{C47401AB-BB06-4DB2-9787-F3AE4E4266C9} = {7491A6C4-F1D3-4F64-889F-520876F5E84C}
		{7491A6C4-F1D3-4F64-889F-520876F5E84C} = {02FC387C-89C4-4D9C-8B6B-85A4EB9D821A}
		{2F2F71CE-3A1C-41C1-978D-5DF05563C04F} = {E8D360FD-67B3-4C82-8400-76E6CCE93C00}
		{FDB7414A-3F72-4E65-A2F3-08D5BB030B77} = {CF0997AB-191B-4781-BBF0-73DAA6C4E0D1}
		{E5EFECDE-DD9C-4947-8971-3E08DF0E9D70} = {FDB7414A-3F72-4E65-A2F3-08D5BB030B77}
		{313008B4-B4A4-4605-A0C3-8D1640A7166F} = {FDB7414A-3F72-4E65-A2F3-08D5BB030B77}
		{71BEAB32-E57F-469B-8613-FFE2992488D6} = {FDB7414A-3F72-4E65-A2F3-08D5BB030B77}
		{165EDD7F-26D6-4891-8EAB-AC5186110A7B} = {C47401AB-BB06-4DB2-9787-F3AE4E4266C9}
		{F9ADE742-9BC3-4D09-950E-D55B72741727} = {C47401AB-BB06-4DB2-9787-F3AE4E4266C9}
		{2AF021AE-52F5-4827-BBF8-94D60EBD6D12} = {9550D74A-16FA-4FAB-84FE-7159F974C320}
		{3C26107D-6FC2-4A7E-9152-8443EF681B47} = {E5EFECDE-DD9C-4947-8971-3E08DF0E9D70}
		{1F5BC295-EC35-48D8-A304-52B719FE5D07} = {313008B4-B4A4-4605-A0C3-8D1640A7166F}
		{4F06D04F-A9F3-4679-808F-7F86F299E5C9} = {71BEAB32-E57F-469B-8613-FFE2992488D6}
		{64C34534-F148-4AF6-8E99-D65C5650EF5B} = {71BEAB32-E57F-469B-8613-FFE2992488D6}
	EndGlobalSection
	GlobalSection(ProjectConfigurationPlatforms) = postSolution
		{2F2F71CE-3A1C-41C1-978D-5DF05563C04F}.Debug|Any CPU.ActiveCfg = Debug|Any CPU
		{2F2F71CE-3A1C-41C1-978D-5DF05563C04F}.Debug|Any CPU.Build.0 = Debug|Any CPU
		{2F2F71CE-3A1C-41C1-978D-5DF05563C04F}.Release|Any CPU.ActiveCfg = Release|Any CPU
		{2F2F71CE-3A1C-41C1-978D-5DF05563C04F}.Release|Any CPU.Build.0 = Release|Any CPU
		{165EDD7F-26D6-4891-8EAB-AC5186110A7B}.Debug|Any CPU.ActiveCfg = Debug|Any CPU
		{165EDD7F-26D6-4891-8EAB-AC5186110A7B}.Debug|Any CPU.Build.0 = Debug|Any CPU
		{165EDD7F-26D6-4891-8EAB-AC5186110A7B}.Release|Any CPU.ActiveCfg = Release|Any CPU
		{165EDD7F-26D6-4891-8EAB-AC5186110A7B}.Release|Any CPU.Build.0 = Release|Any CPU
		{F9ADE742-9BC3-4D09-950E-D55B72741727}.Debug|Any CPU.ActiveCfg = Debug|Any CPU
		{F9ADE742-9BC3-4D09-950E-D55B72741727}.Debug|Any CPU.Build.0 = Debug|Any CPU
		{F9ADE742-9BC3-4D09-950E-D55B72741727}.Release|Any CPU.ActiveCfg = Release|Any CPU
		{F9ADE742-9BC3-4D09-950E-D55B72741727}.Release|Any CPU.Build.0 = Release|Any CPU
		{2AF021AE-52F5-4827-BBF8-94D60EBD6D12}.Debug|Any CPU.ActiveCfg = Debug|Any CPU
		{2AF021AE-52F5-4827-BBF8-94D60EBD6D12}.Debug|Any CPU.Build.0 = Debug|Any CPU
		{2AF021AE-52F5-4827-BBF8-94D60EBD6D12}.Release|Any CPU.ActiveCfg = Release|Any CPU
		{2AF021AE-52F5-4827-BBF8-94D60EBD6D12}.Release|Any CPU.Build.0 = Release|Any CPU
		{3C26107D-6FC2-4A7E-9152-8443EF681B47}.Debug|Any CPU.ActiveCfg = Debug|Any CPU
		{3C26107D-6FC2-4A7E-9152-8443EF681B47}.Debug|Any CPU.Build.0 = Debug|Any CPU
		{3C26107D-6FC2-4A7E-9152-8443EF681B47}.Release|Any CPU.ActiveCfg = Release|Any CPU
		{3C26107D-6FC2-4A7E-9152-8443EF681B47}.Release|Any CPU.Build.0 = Release|Any CPU
		{1F5BC295-EC35-48D8-A304-52B719FE5D07}.Debug|Any CPU.ActiveCfg = Debug|Any CPU
		{1F5BC295-EC35-48D8-A304-52B719FE5D07}.Debug|Any CPU.Build.0 = Debug|Any CPU
		{1F5BC295-EC35-48D8-A304-52B719FE5D07}.Release|Any CPU.ActiveCfg = Release|Any CPU
		{1F5BC295-EC35-48D8-A304-52B719FE5D07}.Release|Any CPU.Build.0 = Release|Any CPU
		{4F06D04F-A9F3-4679-808F-7F86F299E5C9}.Debug|Any CPU.ActiveCfg = Debug|Any CPU
		{4F06D04F-A9F3-4679-808F-7F86F299E5C9}.Debug|Any CPU.Build.0 = Debug|Any CPU
		{4F06D04F-A9F3-4679-808F-7F86F299E5C9}.Release|Any CPU.ActiveCfg = Release|Any CPU
		{4F06D04F-A9F3-4679-808F-7F86F299E5C9}.Release|Any CPU.Build.0 = Release|Any CPU
		{64C34534-F148-4AF6-8E99-D65C5650EF5B}.Debug|Any CPU.ActiveCfg = Debug|Any CPU
		{64C34534-F148-4AF6-8E99-D65C5650EF5B}.Debug|Any CPU.Build.0 = Debug|Any CPU
		{64C34534-F148-4AF6-8E99-D65C5650EF5B}.Release|Any CPU.ActiveCfg = Release|Any CPU
		{64C34534-F148-4AF6-8E99-D65C5650EF5B}.Release|Any CPU.Build.0 = Release|Any CPU
	EndGlobalSection
EndGlobal
